
Microsoft Visual Studio Solution File, Format Version 12.00
# Visual Studio 15
VisualStudioVersion = 15.0.28307.1082
MinimumVisualStudioVersion = 10.0.40219.1
Project("{FAE04EC0-301F-11D3-BF4B-00C04F79EFBC}") = "Web1", "Web1\Web1.csproj", "{9890C640-A544-4199-84E5-E4B935EB0212}"
EndProject
Global
	GlobalSection(SolutionConfigurationPlatforms) = preSolution
		Debug|Any CPU = Debug|Any CPU
		Release|Any CPU = Release|Any CPU
	EndGlobalSection
	GlobalSection(ProjectConfigurationPlatforms) = postSolution
		{9890C640-A544-4199-84E5-E4B935EB0212}.Debug|Any CPU.ActiveCfg = Debug|Any CPU
		{9890C640-A544-4199-84E5-E4B935EB0212}.Debug|Any CPU.Build.0 = Debug|Any CPU
		{9890C640-A544-4199-84E5-E4B935EB0212}.Release|Any CPU.ActiveCfg = Release|Any CPU
		{9890C640-A544-4199-84E5-E4B935EB0212}.Release|Any CPU.Build.0 = Release|Any CPU
	EndGlobalSection
	GlobalSection(SolutionProperties) = preSolution
		HideSolutionNode = FALSE
	EndGlobalSection
	GlobalSection(ExtensibilityGlobals) = postSolution
		SolutionGuid = {54AC5DA7-FF11-4AD1-8092-9F2EB5E0B387}
	EndGlobalSection
EndGlobal
